
Microsoft Visual Studio Solution File, Format Version 12.00
# Visual Studio Version 17
VisualStudioVersion = 17.11.35312.102
MinimumVisualStudioVersion = 10.0.40219.1
Project("{FAE04EC0-301F-11D3-BF4B-00C04F79EFBC}") = "ArticleStream", "ArticleStream\ArticleStream.csproj", "{4F7A04F7-3EE4-4A6D-9A40-3E8AB4A50C19}"
EndProject
Global
	GlobalSection(SolutionConfigurationPlatforms) = preSolution
		Debug|Any CPU = Debug|Any CPU
		Release|Any CPU = Release|Any CPU
	EndGlobalSection
	GlobalSection(ProjectConfigurationPlatforms) = postSolution
		{4F7A04F7-3EE4-4A6D-9A40-3E8AB4A50C19}.Debug|Any CPU.ActiveCfg = Debug|Any CPU
		{4F7A04F7-3EE4-4A6D-9A40-3E8AB4A50C19}.Debug|Any CPU.Build.0 = Debug|Any CPU
		{4F7A04F7-3EE4-4A6D-9A40-3E8AB4A50C19}.Release|Any CPU.ActiveCfg = Release|Any CPU
		{4F7A04F7-3EE4-4A6D-9A40-3E8AB4A50C19}.Release|Any CPU.Build.0 = Release|Any CPU
	EndGlobalSection
	GlobalSection(SolutionProperties) = preSolution
		HideSolutionNode = FALSE
	EndGlobalSection
	GlobalSection(ExtensibilityGlobals) = postSolution
		SolutionGuid = {EA4AA4C7-84D5-4906-A538-0E5D1FED5B81}
	EndGlobalSection
EndGlobal
